{
  "socketPath": "/tmp/mcp-9PytpL/mcp.sock",
  "scheme": "unix",
  "headers": {
    "Authorization": "Nonce 0a0ea49f-d2c7-4cca-a38a-107b4290a238"
  },
  "pid": 2317872,
  "ideName": "Visual Studio Code",
  "timestamp": 1776328165779,
  "workspaceFolders": [
    "/home/courses/desdigsys2/2026s/dds226s15"
  ],
  "isTrusted": true
}