{
  "socketPath": "/tmp/mcp-ffbbQW/mcp.sock",
  "scheme": "unix",
  "headers": {
    "Authorization": "Nonce e04b5eeb-3445-4688-8ea5-f57b43e5c29e"
  },
  "pid": 32442,
  "ideName": "Visual Studio Code",
  "timestamp": 1776761018272,
  "workspaceFolders": [
    "/home/courses/desdigsys2/2026s/dds226s15"
  ],
  "isTrusted": true
}