{
  "socketPath": "/tmp/mcp-1tWOyB/mcp.sock",
  "scheme": "unix",
  "headers": {
    "Authorization": "Nonce 8df4bfbc-c4ef-473b-9c12-8ff38ea06d21"
  },
  "pid": 1047998,
  "ideName": "Visual Studio Code",
  "timestamp": 1771492894541,
  "workspaceFolders": [
    "/home/courses/desdigsys2/2026s/dds226s15"
  ],
  "isTrusted": true
}