{
  "socketPath": "/tmp/mcp-fuRLRq/mcp.sock",
  "scheme": "unix",
  "headers": {
    "Authorization": "Nonce 857755a5-5044-4969-b7a4-59cff1c7b4e3"
  },
  "pid": 3097589,
  "ideName": "Visual Studio Code",
  "timestamp": 1776414519458,
  "workspaceFolders": [
    "/home/courses/desdigsys2/2026s/dds226s15"
  ],
  "isTrusted": true
}