{
  "socketPath": "/tmp/mcp-OiY2HN/mcp.sock",
  "scheme": "unix",
  "headers": {
    "Authorization": "Nonce c34364b6-9e2f-44f9-9f6f-c1e816490144"
  },
  "pid": 3875226,
  "ideName": "Visual Studio Code",
  "timestamp": 1776681233678,
  "workspaceFolders": [
    "/home/courses/desdigsys2/2026s/dds226s15"
  ],
  "isTrusted": true
}