{
  "socketPath": "/tmp/mcp-nh9jMR/mcp.sock",
  "scheme": "unix",
  "headers": {
    "Authorization": "Nonce bde39fa2-2104-4075-be2d-6edc1849decd"
  },
  "pid": 1573615,
  "ideName": "Visual Studio Code",
  "timestamp": 1775467486964,
  "workspaceFolders": [
    "/home/courses/desdigsys2/2026s/dds226s15"
  ],
  "isTrusted": true
}